{
  "name": "kirby-mux",
  "lockfileVersion": 2,
  "requires": true,
  "packages": {
    "": {
      "dependencies": {
        "hls.js": "^1.1.4"
      }
    },
    "node_modules/hls.js": {
      "version": "1.1.5",
      "resolved": "https://registry.npmjs.org/hls.js/-/hls.js-1.1.5.tgz",
      "integrity": "sha512-mQX5TSNtJEzGo5HPpvcQgCu+BWoKDQM6YYtg/KbgWkmVAcqOCvSTi0SuqG2ZJLXxIzdnFcKU2z7Mrw/YQWhPOA=="
    }
  },
  "dependencies": {
    "hls.js": {
      "version": "1.1.5",
      "resolved": "https://registry.npmjs.org/hls.js/-/hls.js-1.1.5.tgz",
      "integrity": "sha512-mQX5TSNtJEzGo5HPpvcQgCu+BWoKDQM6YYtg/KbgWkmVAcqOCvSTi0SuqG2ZJLXxIzdnFcKU2z7Mrw/YQWhPOA=="
    }
  }
}
